
Microsoft Visual Studio Solution File, Format Version 12.00
# Visual Studio Version 16
VisualStudioVersion = 16.0.31702.278
MinimumVisualStudioVersion = 10.0.40219.1
Project("{FAE04EC0-301F-11D3-BF4B-00C04F79EFBC}") = "InAndOut", "InAndOut\InAndOut.csproj", "{859C08A4-4B51-4BB5-88B2-FC44E0920276}"
EndProject
Global
	GlobalSection(SolutionConfigurationPlatforms) = preSolution
		Debug|Any CPU = Debug|Any CPU
		Release|Any CPU = Release|Any CPU
	EndGlobalSection
	GlobalSection(ProjectConfigurationPlatforms) = postSolution
		{859C08A4-4B51-4BB5-88B2-FC44E0920276}.Debug|Any CPU.ActiveCfg = Debug|Any CPU
		{859C08A4-4B51-4BB5-88B2-FC44E0920276}.Debug|Any CPU.Build.0 = Debug|Any CPU
		{859C08A4-4B51-4BB5-88B2-FC44E0920276}.Release|Any CPU.ActiveCfg = Release|Any CPU
		{859C08A4-4B51-4BB5-88B2-FC44E0920276}.Release|Any CPU.Build.0 = Release|Any CPU
	EndGlobalSection
	GlobalSection(SolutionProperties) = preSolution
		HideSolutionNode = FALSE
	EndGlobalSection
	GlobalSection(ExtensibilityGlobals) = postSolution
		SolutionGuid = {9E165D3A-9B62-4EC9-A6F5-747E5470B1CF}
	EndGlobalSection
EndGlobal
